
Microsoft Visual Studio Solution File, Format Version 12.00
# Visual Studio 15
VisualStudioVersion = 15.0.27703.2035
MinimumVisualStudioVersion = 10.0.40219.1
Project("{FAE04EC0-301F-11D3-BF4B-00C04F79EFBC}") = "OverwatchPlayerStats.Android", "OverwatchPlayerStats\OverwatchPlayerStats.Android\OverwatchPlayerStats.Android.csproj", "{1C3D19DE-A928-447A-8379-A6C8A3109585}"
EndProject
Project("{9A19103F-16F7-4668-BE54-9A1E7A4F7556}") = "OverwatchPlayerStats", "OverwatchPlayerStats\OverwatchPlayerStats\OverwatchPlayerStats.csproj", "{ADF5144F-CEA0-4C98-846D-A69B3EFF0AC3}"
EndProject
Global
	GlobalSection(SolutionConfigurationPlatforms) = preSolution
		Debug|Any CPU = Debug|Any CPU
		Release|Any CPU = Release|Any CPU
	EndGlobalSection
	GlobalSection(ProjectConfigurationPlatforms) = postSolution
		{1C3D19DE-A928-447A-8379-A6C8A3109585}.Debug|Any CPU.ActiveCfg = Debug|Any CPU
		{1C3D19DE-A928-447A-8379-A6C8A3109585}.Debug|Any CPU.Build.0 = Debug|Any CPU
		{1C3D19DE-A928-447A-8379-A6C8A3109585}.Debug|Any CPU.Deploy.0 = Debug|Any CPU
		{1C3D19DE-A928-447A-8379-A6C8A3109585}.Release|Any CPU.ActiveCfg = Release|Any CPU
		{1C3D19DE-A928-447A-8379-A6C8A3109585}.Release|Any CPU.Build.0 = Release|Any CPU
		{1C3D19DE-A928-447A-8379-A6C8A3109585}.Release|Any CPU.Deploy.0 = Release|Any CPU
		{ADF5144F-CEA0-4C98-846D-A69B3EFF0AC3}.Debug|Any CPU.ActiveCfg = Debug|Any CPU
		{ADF5144F-CEA0-4C98-846D-A69B3EFF0AC3}.Debug|Any CPU.Build.0 = Debug|Any CPU
		{ADF5144F-CEA0-4C98-846D-A69B3EFF0AC3}.Debug|Any CPU.Deploy.0 = Debug|Any CPU
		{ADF5144F-CEA0-4C98-846D-A69B3EFF0AC3}.Release|Any CPU.ActiveCfg = Release|Any CPU
		{ADF5144F-CEA0-4C98-846D-A69B3EFF0AC3}.Release|Any CPU.Build.0 = Release|Any CPU
		{ADF5144F-CEA0-4C98-846D-A69B3EFF0AC3}.Release|Any CPU.Deploy.0 = Release|Any CPU
	EndGlobalSection
	GlobalSection(SolutionProperties) = preSolution
		HideSolutionNode = FALSE
	EndGlobalSection
	GlobalSection(ExtensibilityGlobals) = postSolution
		SolutionGuid = {AF819118-119C-4EFF-8A21-EF21A015B47C}
	EndGlobalSection
EndGlobal
